// !$*UTF8*$!
{
	archiveVersion = 1;
	classes = {
	};
	objectVersion = 56;
	objects = {

/* Begin PBXBuildFile section */
		6CAB15622B7C348E0093B00D /* AppDelegate.swift in Sources */ = {isa = PBXBuildFile; fileRef = 6CAB15612B7C348E0093B00D /* AppDelegate.swift */; };
		6CAB15642B7C348E0093B00D /* SceneDelegate.swift in Sources */ = {isa = PBXBuildFile; fileRef = 6CAB15632B7C348E0093B00D /* SceneDelegate.swift */; };
		6CAB156C2B7C348E0093B00D /* TaskListApp2.xcdatamodeld in Sources */ = {isa = PBXBuildFile; fileRef = 6CAB156A2B7C348E0093B00D /* TaskListApp2.xcdatamodeld */; };
		6CAB15712B7C348F0093B00D /* LaunchScreen.storyboard in Resources */ = {isa = PBXBuildFile; fileRef = 6CAB156F2B7C348F0093B00D /* LaunchScreen.storyboard */; };
		6CAB15792B7C34F40093B00D /* TaskListViewController.swift in Sources */ = {isa = PBXBuildFile; fileRef = 6CAB15782B7C34F40093B00D /* TaskListViewController.swift */; };
		6CAB157B2B7C353B0093B00D /* StorageManager.swift in Sources */ = {isa = PBXBuildFile; fileRef = 6CAB157A2B7C353B0093B00D /* StorageManager.swift */; };
		6CAB157D2B7C356D0093B00D /* AlertControllerFactory.swift in Sources */ = {isa = PBXBuildFile; fileRef = 6CAB157C2B7C356D0093B00D /* AlertControllerFactory.swift */; };
		6CAB15882B7C39C10093B00D /* Assets.xcassets in Resources */ = {isa = PBXBuildFile; fileRef = 6CAB15872B7C39C10093B00D /* Assets.xcassets */; };
/* End PBXBuildFile section */

/* Begin PBXFileReference section */
		6CAB155E2B7C348E0093B00D /* TaskListApp2.app */ = {isa = PBXFileReference; explicitFileType = wrapper.application; includeInIndex = 0; path = TaskListApp2.app; sourceTree = BUILT_PRODUCTS_DIR; };
		6CAB15612B7C348E0093B00D /* AppDelegate.swift */ = {isa = PBXFileReference; lastKnownFileType = sourcecode.swift; path = AppDelegate.swift; sourceTree = "<group>"; };
		6CAB15632B7C348E0093B00D /* SceneDelegate.swift */ = {isa = PBXFileReference; lastKnownFileType = sourcecode.swift; path = SceneDelegate.swift; sourceTree = "<group>"; };
		6CAB156B2B7C348E0093B00D /* TaskListApp2.xcdatamodel */ = {isa = PBXFileReference; lastKnownFileType = wrapper.xcdatamodel; path = TaskListApp2.xcdatamodel; sourceTree = "<group>"; };
		6CAB15702B7C348F0093B00D /* Base */ = {isa = PBXFileReference; lastKnownFileType = file.storyboard; name = Base; path = Base.lproj/LaunchScreen.storyboard; sourceTree = "<group>"; };
		6CAB15722B7C348F0093B00D /* Info.plist */ = {isa = PBXFileReference; lastKnownFileType = text.plist.xml; path = Info.plist; sourceTree = "<group>"; };
		6CAB15782B7C34F40093B00D /* TaskListViewController.swift */ = {isa = PBXFileReference; lastKnownFileType = sourcecode.swift; path = TaskListViewController.swift; sourceTree = "<group>"; };
		6CAB157A2B7C353B0093B00D /* StorageManager.swift */ = {isa = PBXFileReference; lastKnownFileType = sourcecode.swift; path = StorageManager.swift; sourceTree = "<group>"; };
		6CAB157C2B7C356D0093B00D /* AlertControllerFactory.swift */ = {isa = PBXFileReference; lastKnownFileType = sourcecode.swift; path = AlertControllerFactory.swift; sourceTree = "<group>"; };
		6CAB15872B7C39C10093B00D /* Assets.xcassets */ = {isa = PBXFileReference; lastKnownFileType = folder.assetcatalog; path = Assets.xcassets; sourceTree = "<group>"; };
/* End PBXFileReference section */

/* Begin PBXFrameworksBuildPhase section */
		6CAB155B2B7C348E0093B00D /* Frameworks */ = {
			isa = PBXFrameworksBuildPhase;
			buildActionMask = 2147483647;
			files = (
			);
			runOnlyForDeploymentPostprocessing = 0;
		};
/* End PBXFrameworksBuildPhase section */

/* Begin PBXGroup section */
		6CAB15552B7C348E0093B00D = {
			isa = PBXGroup;
			children = (
				6CAB15602B7C348E0093B00D /* TaskListApp2 */,
				6CAB15802B7C38B50093B00D /* Factories */,
				6CAB155F2B7C348E0093B00D /* Products */,
			);
			sourceTree = "<group>";
		};
		6CAB155F2B7C348E0093B00D /* Products */ = {
			isa = PBXGroup;
			children = (
				6CAB155E2B7C348E0093B00D /* TaskListApp2.app */,
			);
			name = Products;
			sourceTree = "<group>";
		};
		6CAB15602B7C348E0093B00D /* TaskListApp2 */ = {
			isa = PBXGroup;
			children = (
				6CAB157F2B7C38910093B00D /* App */,
				6CAB15812B7C38E00093B00D /* Services */,
				6CAB15822B7C39090093B00D /* Storyboards */,
				6CAB15832B7C391E0093B00D /* Models */,
				6CAB157E2B7C38490093B00D /* ViewControllers */,
			);
			path = TaskListApp2;
			sourceTree = "<group>";
		};
		6CAB157E2B7C38490093B00D /* ViewControllers */ = {
			isa = PBXGroup;
			children = (
				6CAB15782B7C34F40093B00D /* TaskListViewController.swift */,
			);
			path = ViewControllers;
			sourceTree = "<group>";
		};
		6CAB157F2B7C38910093B00D /* App */ = {
			isa = PBXGroup;
			children = (
				6CAB15632B7C348E0093B00D /* SceneDelegate.swift */,
				6CAB15612B7C348E0093B00D /* AppDelegate.swift */,
				6CAB15722B7C348F0093B00D /* Info.plist */,
			);
			path = App;
			sourceTree = "<group>";
		};
		6CAB15802B7C38B50093B00D /* Factories */ = {
			isa = PBXGroup;
			children = (
				6CAB157C2B7C356D0093B00D /* AlertControllerFactory.swift */,
				6CAB15872B7C39C10093B00D /* Assets.xcassets */,
			);
			path = Factories;
			sourceTree = "<group>";
		};
		6CAB15812B7C38E00093B00D /* Services */ = {
			isa = PBXGroup;
			children = (
				6CAB157A2B7C353B0093B00D /* StorageManager.swift */,
			);
			path = Services;
			sourceTree = "<group>";
		};
		6CAB15822B7C39090093B00D /* Storyboards */ = {
			isa = PBXGroup;
			children = (
				6CAB156F2B7C348F0093B00D /* LaunchScreen.storyboard */,
			);
			path = Storyboards;
			sourceTree = "<group>";
		};
		6CAB15832B7C391E0093B00D /* Models */ = {
			isa = PBXGroup;
			children = (
				6CAB156A2B7C348E0093B00D /* TaskListApp2.xcdatamodeld */,
			);
			path = Models;
			sourceTree = "<group>";
		};
/* End PBXGroup section */

/* Begin PBXNativeTarget section */
		6CAB155D2B7C348E0093B00D /* TaskListApp2 */ = {
			isa = PBXNativeTarget;
			buildConfigurationList = 6CAB15752B7C348F0093B00D /* Build configuration list for PBXNativeTarget "TaskListApp2" */;
			buildPhases = (
				6CAB155A2B7C348E0093B00D /* Sources */,
				6CAB155B2B7C348E0093B00D /* Frameworks */,
				6CAB155C2B7C348E0093B00D /* Resources */,
			);
			buildRules = (
			);
			dependencies = (
			);
			name = TaskListApp2;
			productName = TaskListApp2;
			productReference = 6CAB155E2B7C348E0093B00D /* TaskListApp2.app */;
			productType = "com.apple.product-type.application";
		};
/* End PBXNativeTarget section */

/* Begin PBXProject section */
		6CAB15562B7C348E0093B00D /* Project object */ = {
			isa = PBXProject;
			attributes = {
				BuildIndependentTargetsInParallel = 1;
				LastSwiftUpdateCheck = 1430;
				LastUpgradeCheck = 1430;
				TargetAttributes = {
					6CAB155D2B7C348E0093B00D = {
						CreatedOnToolsVersion = 14.3;
					};
				};
			};
			buildConfigurationList = 6CAB15592B7C348E0093B00D /* Build configuration list for PBXProject "TaskListApp2" */;
			compatibilityVersion = "Xcode 14.0";
			developmentRegion = en;
			hasScannedForEncodings = 0;
			knownRegions = (
				en,
				Base,
			);
			mainGroup = 6CAB15552B7C348E0093B00D;
			productRefGroup = 6CAB155F2B7C348E0093B00D /* Products */;
			projectDirPath = "";
			projectRoot = "";
			targets = (
				6CAB155D2B7C348E0093B00D /* TaskListApp2 */,
			);
		};
/* End PBXProject section */

/* Begin PBXResourcesBuildPhase section */
		6CAB155C2B7C348E0093B00D /* Resources */ = {
			isa = PBXResourcesBuildPhase;
			buildActionMask = 2147483647;
			files = (
				6CAB15882B7C39C10093B00D /* Assets.xcassets in Resources */,
				6CAB15712B7C348F0093B00D /* LaunchScreen.storyboard in Resources */,
			);
			runOnlyForDeploymentPostprocessing = 0;
		};
/* End PBXResourcesBuildPhase section */

/* Begin PBXSourcesBuildPhase section */
		6CAB155A2B7C348E0093B00D /* Sources */ = {
			isa = PBXSourcesBuildPhase;
			buildActionMask = 2147483647;
			files = (
				6CAB15622B7C348E0093B00D /* AppDelegate.swift in Sources */,
				6CAB15792B7C34F40093B00D /* TaskListViewController.swift in Sources */,
				6CAB157B2B7C353B0093B00D /* StorageManager.swift in Sources */,
				6CAB157D2B7C356D0093B00D /* AlertControllerFactory.swift in Sources */,
				6CAB15642B7C348E0093B00D /* SceneDelegate.swift in Sources */,
				6CAB156C2B7C348E0093B00D /* TaskListApp2.xcdatamodeld in Sources */,
			);
			runOnlyForDeploymentPostprocessing = 0;
		};
/* End PBXSourcesBuildPhase section */

/* Begin PBXVariantGroup section */
		6CAB156F2B7C348F0093B00D /* LaunchScreen.storyboard */ = {
			isa = PBXVariantGroup;
			children = (
				6CAB15702B7C348F0093B00D /* Base */,
			);
			name = LaunchScreen.storyboard;
			sourceTree = "<group>";
		};
/* End PBXVariantGroup section */

/* Begin XCBuildConfiguration section */
		6CAB15732B7C348F0093B00D /* Debug */ = {
			isa = XCBuildConfiguration;
			buildSettings = {
				ALWAYS_SEARCH_USER_PATHS = NO;
				CLANG_ANALYZER_NONNULL = YES;
				CLANG_ANALYZER_NUMBER_OBJECT_CONVERSION = YES_AGGRESSIVE;
				CLANG_CXX_LANGUAGE_STANDARD = "gnu++20";
				CLANG_ENABLE_MODULES = YES;
				CLANG_ENABLE_OBJC_ARC = YES;
				CLANG_ENABLE_OBJC_WEAK = YES;
				CLANG_WARN_BLOCK_CAPTURE_AUTORELEASING = YES;
				CLANG_WARN_BOOL_CONVERSION = YES;
				CLANG_WARN_COMMA = YES;
				CLANG_WARN_CONSTANT_CONVERSION = YES;
				CLANG_WARN_DEPRECATED_OBJC_IMPLEMENTATIONS = YES;
				CLANG_WARN_DIRECT_OBJC_ISA_USAGE = YES_ERROR;
				CLANG_WARN_DOCUMENTATION_COMMENTS = YES;
				CLANG_WARN_EMPTY_BODY = YES;
				CLANG_WARN_ENUM_CONVERSION = YES;
				CLANG_WARN_INFINITE_RECURSION = YES;
				CLANG_WARN_INT_CONVERSION = YES;
				CLANG_WARN_NON_LITERAL_NULL_CONVERSION = YES;
				CLANG_WARN_OBJC_IMPLICIT_RETAIN_SELF = YES;
				CLANG_WARN_OBJC_LITERAL_CONVERSION = YES;
				CLANG_WARN_OBJC_ROOT_CLASS = YES_ERROR;
				CLANG_WARN_QUOTED_INCLUDE_IN_FRAMEWORK_HEADER = YES;
				CLANG_WARN_RANGE_LOOP_ANALYSIS = YES;
				CLANG_WARN_STRICT_PROTOTYPES = YES;
				CLANG_WARN_SUSPICIOUS_MOVE = YES;
				CLANG_WARN_UNGUARDED_AVAILABILITY = YES_AGGRESSIVE;
				CLANG_WARN_UNREACHABLE_CODE = YES;
				CLANG_WARN__DUPLICATE_METHOD_MATCH = YES;
				COPY_PHASE_STRIP = NO;
				DEBUG_INFORMATION_FORMAT = dwarf;
				ENABLE_STRICT_OBJC_MSGSEND = YES;
				ENABLE_TESTABILITY = YES;
				GCC_C_LANGUAGE_STANDARD = gnu11;
				GCC_DYNAMIC_NO_PIC = NO;
				GCC_NO_COMMON_BLOCKS = YES;
				GCC_OPTIMIZATION_LEVEL = 0;
				GCC_PREPROCESSOR_DEFINITIONS = (
					"DEBUG=1",
					"$(inherited)",
				);
				GCC_WARN_64_TO_32_BIT_CONVERSION = YES;
				GCC_WARN_ABOUT_RETURN_TYPE = YES_ERROR;
				GCC_WARN_UNDECLARED_SELECTOR = YES;
				GCC_WARN_UNINITIALIZED_AUTOS = YES_AGGRESSIVE;
				GCC_WARN_UNUSED_FUNCTION = YES;
				GCC_WARN_UNUSED_VARIABLE = YES;
				IPHONEOS_DEPLOYMENT_TARGET = 16.4;
				MTL_ENABLE_DEBUG_INFO = INCLUDE_SOURCE;
				MTL_FAST_MATH = YES;
				ONLY_ACTIVE_ARCH = YES;
				SDKROOT = iphoneos;
				SWIFT_ACTIVE_COMPILATION_CONDITIONS = DEBUG;
				SWIFT_OPTIMIZATION_LEVEL = "-Onone";
			};
			name = Debug;
		};
		6CAB15742B7C348F0093B00D /* Release */ = {
			isa = XCBuildConfiguration;
			buildSettings = {
				ALWAYS_SEARCH_USER_PATHS = NO;
				CLANG_ANALYZER_NONNULL = YES;
				CLANG_ANALYZER_NUMBER_OBJECT_CONVERSION = YES_AGGRESSIVE;
				CLANG_CXX_LANGUAGE_STANDARD = "gnu++20";
				CLANG_ENABLE_MODULES = YES;
				CLANG_ENABLE_OBJC_ARC = YES;
				CLANG_ENABLE_OBJC_WEAK = YES;
				CLANG_WARN_BLOCK_CAPTURE_AUTORELEASING = YES;
				CLANG_WARN_BOOL_CONVERSION = YES;
				CLANG_WARN_COMMA = YES;
				CLANG_WARN_CONSTANT_CONVERSION = YES;
				CLANG_WARN_DEPRECATED_OBJC_IMPLEMENTATIONS = YES;
				CLANG_WARN_DIRECT_OBJC_ISA_USAGE = YES_ERROR;
				CLANG_WARN_DOCUMENTATION_COMMENTS = YES;
				CLANG_WARN_EMPTY_BODY = YES;
				CLANG_WARN_ENUM_CONVERSION = YES;
				CLANG_WARN_INFINITE_RECURSION = YES;
				CLANG_WARN_INT_CONVERSION = YES;
				CLANG_WARN_NON_LITERAL_NULL_CONVERSION = YES;
				CLANG_WARN_OBJC_IMPLICIT_RETAIN_SELF = YES;
				CLANG_WARN_OBJC_LITERAL_CONVERSION = YES;
				CLANG_WARN_OBJC_ROOT_CLASS = YES_ERROR;
				CLANG_WARN_QUOTED_INCLUDE_IN_FRAMEWORK_HEADER = YES;
				CLANG_WARN_RANGE_LOOP_ANALYSIS = YES;
				CLANG_WARN_STRICT_PROTOTYPES = YES;
				CLANG_WARN_SUSPICIOUS_MOVE = YES;
				CLANG_WARN_UNGUARDED_AVAILABILITY = YES_AGGRESSIVE;
				CLANG_WARN_UNREACHABLE_CODE = YES;
				CLANG_WARN__DUPLICATE_METHOD_MATCH = YES;
				COPY_PHASE_STRIP = NO;
				DEBUG_INFORMATION_FORMAT = "dwarf-with-dsym";
				ENABLE_NS_ASSERTIONS = NO;
				ENABLE_STRICT_OBJC_MSGSEND = YES;
				GCC_C_LANGUAGE_STANDARD = gnu11;
				GCC_NO_COMMON_BLOCKS = YES;
				GCC_WARN_64_TO_32_BIT_CONVERSION = YES;
				GCC_WARN_ABOUT_RETURN_TYPE = YES_ERROR;
				GCC_WARN_UNDECLARED_SELECTOR = YES;
				GCC_WARN_UNINITIALIZED_AUTOS = YES_AGGRESSIVE;
				GCC_WARN_UNUSED_FUNCTION = YES;
				GCC_WARN_UNUSED_VARIABLE = YES;
				IPHONEOS_DEPLOYMENT_TARGET = 16.4;
				MTL_ENABLE_DEBUG_INFO = NO;
				MTL_FAST_MATH = YES;
				SDKROOT = iphoneos;
				SWIFT_COMPILATION_MODE = wholemodule;
				SWIFT_OPTIMIZATION_LEVEL = "-O";
				VALIDATE_PRODUCT = YES;
			};
			name = Release;
		};
		6CAB15762B7C348F0093B00D /* Debug */ = {
			isa = XCBuildConfiguration;
			buildSettings = {
				ASSETCATALOG_COMPILER_APPICON_NAME = AppIcon;
				ASSETCATALOG_COMPILER_GLOBAL_ACCENT_COLOR_NAME = AccentColor;
				CODE_SIGN_STYLE = Automatic;
				CURRENT_PROJECT_VERSION = 1;
				GENERATE_INFOPLIST_FILE = YES;
				INFOPLIST_FILE = TaskListApp2/App/Info.plist;
				INFOPLIST_KEY_UIApplicationSupportsIndirectInputEvents = YES;
				INFOPLIST_KEY_UILaunchStoryboardName = "";
				INFOPLIST_KEY_UISupportedInterfaceOrientations_iPad = "UIInterfaceOrientationPortrait UIInterfaceOrientationPortraitUpsideDown UIInterfaceOrientationLandscapeLeft UIInterfaceOrientationLandscapeRight";
				INFOPLIST_KEY_UISupportedInterfaceOrientations_iPhone = "UIInterfaceOrientationPortrait UIInterfaceOrientationLandscapeLeft UIInterfaceOrientationLandscapeRight";
				IPHONEOS_DEPLOYMENT_TARGET = 15.0;
				LD_RUNPATH_SEARCH_PATHS = (
					"$(inherited)",
					"@executable_path/Frameworks",
				);
				MARKETING_VERSION = 1.0;
				PRODUCT_BUNDLE_IDENTIFIER = LiaisanPerfilova.TaskListApp2;
				PRODUCT_NAME = "$(TARGET_NAME)";
				SUPPORTED_PLATFORMS = "iphoneos iphonesimulator";
				SUPPORTS_MACCATALYST = NO;
				SUPPORTS_MAC_DESIGNED_FOR_IPHONE_IPAD = NO;
				SWIFT_EMIT_LOC_STRINGS = YES;
				SWIFT_VERSION = 5.0;
				TARGETED_DEVICE_FAMILY = 1;
			};
			name = Debug;
		};
		6CAB15772B7C348F0093B00D /* Release */ = {
			isa = XCBuildConfiguration;
			buildSettings = {
				ASSETCATALOG_COMPILER_APPICON_NAME = AppIcon;
				ASSETCATALOG_COMPILER_GLOBAL_ACCENT_COLOR_NAME = AccentColor;
				CODE_SIGN_STYLE = Automatic;
				CURRENT_PROJECT_VERSION = 1;
				GENERATE_INFOPLIST_FILE = YES;
				INFOPLIST_FILE = TaskListApp2/App/Info.plist;
				INFOPLIST_KEY_UIApplicationSupportsIndirectInputEvents = YES;
				INFOPLIST_KEY_UILaunchStoryboardName = "";
				INFOPLIST_KEY_UISupportedInterfaceOrientations_iPad = "UIInterfaceOrientationPortrait UIInterfaceOrientationPortraitUpsideDown UIInterfaceOrientationLandscapeLeft UIInterfaceOrientationLandscapeRight";
				INFOPLIST_KEY_UISupportedInterfaceOrientations_iPhone = "UIInterfaceOrientationPortrait UIInterfaceOrientationLandscapeLeft UIInterfaceOrientationLandscapeRight";
				IPHONEOS_DEPLOYMENT_TARGET = 15.0;
				LD_RUNPATH_SEARCH_PATHS = (
					"$(inherited)",
					"@executable_path/Frameworks",
				);
				MARKETING_VERSION = 1.0;
				PRODUCT_BUNDLE_IDENTIFIER = LiaisanPerfilova.TaskListApp2;
				PRODUCT_NAME = "$(TARGET_NAME)";
				SUPPORTED_PLATFORMS = "iphoneos iphonesimulator";
				SUPPORTS_MACCATALYST = NO;
				SUPPORTS_MAC_DESIGNED_FOR_IPHONE_IPAD = NO;
				SWIFT_EMIT_LOC_STRINGS = YES;
				SWIFT_VERSION = 5.0;
				TARGETED_DEVICE_FAMILY = 1;
			};
			name = Release;
		};
/* End XCBuildConfiguration section */

/* Begin XCConfigurationList section */
		6CAB15592B7C348E0093B00D /* Build configuration list for PBXProject "TaskListApp2" */ = {
			isa = XCConfigurationList;
			buildConfigurations = (
				6CAB15732B7C348F0093B00D /* Debug */,
				6CAB15742B7C348F0093B00D /* Release */,
			);
			defaultConfigurationIsVisible = 0;
			defaultConfigurationName = Release;
		};
		6CAB15752B7C348F0093B00D /* Build configuration list for PBXNativeTarget "TaskListApp2" */ = {
			isa = XCConfigurationList;
			buildConfigurations = (
				6CAB15762B7C348F0093B00D /* Debug */,
				6CAB15772B7C348F0093B00D /* Release */,
			);
			defaultConfigurationIsVisible = 0;
			defaultConfigurationName = Release;
		};
/* End XCConfigurationList section */

/* Begin XCVersionGroup section */
		6CAB156A2B7C348E0093B00D /* TaskListApp2.xcdatamodeld */ = {
			isa = XCVersionGroup;
			children = (
				6CAB156B2B7C348E0093B00D /* TaskListApp2.xcdatamodel */,
			);
			currentVersion = 6CAB156B2B7C348E0093B00D /* TaskListApp2.xcdatamodel */;
			path = TaskListApp2.xcdatamodeld;
			sourceTree = "<group>";
			versionGroupType = wrapper.xcdatamodel;
		};
/* End XCVersionGroup section */
	};
	rootObject = 6CAB15562B7C348E0093B00D /* Project object */;
}
